
Microsoft Visual Studio Solution File, Format Version 11.00
# Visual Studio 2010
Project("{FAE04EC0-301F-11D3-BF4B-00C04F79EFBC}") = "Assembly-CSharp", "Assembly-CSharp.csproj", "{1B83A18C-5711-E23D-42E1-B56B66894A72}"
EndProject
Project("{FAE04EC0-301F-11D3-BF4B-00C04F79EFBC}") = "Assembly-CSharp-Editor", "Assembly-CSharp-Editor.csproj", "{8EED528A-529C-A288-7D1C-F17B17F192D2}"
EndProject
Global
	GlobalSection(SolutionConfigurationPlatforms) = preSolution
		Debug|Any CPU = Debug|Any CPU
		Release|Any CPU = Release|Any CPU
	EndGlobalSection
	GlobalSection(ProjectConfigurationPlatforms) = postSolution
		{1B83A18C-5711-E23D-42E1-B56B66894A72}.Debug|Any CPU.ActiveCfg = Debug|Any CPU
		{1B83A18C-5711-E23D-42E1-B56B66894A72}.Debug|Any CPU.Build.0 = Debug|Any CPU
		{1B83A18C-5711-E23D-42E1-B56B66894A72}.Release|Any CPU.ActiveCfg = Release|Any CPU
		{1B83A18C-5711-E23D-42E1-B56B66894A72}.Release|Any CPU.Build.0 = Release|Any CPU
		{8EED528A-529C-A288-7D1C-F17B17F192D2}.Debug|Any CPU.ActiveCfg = Debug|Any CPU
		{8EED528A-529C-A288-7D1C-F17B17F192D2}.Debug|Any CPU.Build.0 = Debug|Any CPU
		{8EED528A-529C-A288-7D1C-F17B17F192D2}.Release|Any CPU.ActiveCfg = Release|Any CPU
		{8EED528A-529C-A288-7D1C-F17B17F192D2}.Release|Any CPU.Build.0 = Release|Any CPU
	EndGlobalSection
	GlobalSection(SolutionProperties) = preSolution
		HideSolutionNode = FALSE
	EndGlobalSection
EndGlobal
